
Microsoft Visual Studio Solution File, Format Version 12.00
# Visual Studio Version 16
VisualStudioVersion = 16.0.30711.63
MinimumVisualStudioVersion = 10.0.40219.1
Project("{9A19103F-16F7-4668-BE54-9A1E7A4F7556}") = "eShopSolution.WebApp", "eShopSolution.WebApp\eShopSolution.WebApp.csproj", "{B3DD9B83-FF04-47FB-A39D-9FD98EE4E685}"
EndProject
Project("{2150E333-8FDC-42A3-9474-1A3956D46DE8}") = "0.Solution Item", "0.Solution Item", "{1965EE2A-F6D2-4841-984D-DA3A5251CB84}"
	ProjectSection(SolutionItems) = preProject
		README.md = README.md
	EndProjectSection
EndProject
Project("{9A19103F-16F7-4668-BE54-9A1E7A4F7556}") = "eShopSolution.Data", "eShopSolution.Data\eShopSolution.Data.csproj", "{AB6C574B-CA62-4404-8AB0-F13B5B23E2F5}"
EndProject
Project("{9A19103F-16F7-4668-BE54-9A1E7A4F7556}") = "eShopSolution.Application", "eShopSolution.Application\eShopSolution.Application.csproj", "{4D2E268C-7562-4423-AC9F-EF64ED21D44B}"
EndProject
Project("{9A19103F-16F7-4668-BE54-9A1E7A4F7556}") = "eShopSolution.Utilities", "eShopSolution.Utilities\eShopSolution.Utilities.csproj", "{9F58D9AA-2FFE-4B2B-8CED-68F4609E707B}"
EndProject
Project("{9A19103F-16F7-4668-BE54-9A1E7A4F7556}") = "eShopSolution.ViewModels", "eShopSolution.ViewModels\eShopSolution.ViewModels.csproj", "{720B55B3-4A34-45FE-9A23-28779119808F}"
EndProject
Project("{9A19103F-16F7-4668-BE54-9A1E7A4F7556}") = "eShopSolutionBackendApi", "eShopSolutionBackendApi\eShopSolutionBackendApi.csproj", "{A5E82F26-7852-44F8-A415-2DD9E87A38CE}"
EndProject
Project("{2150E333-8FDC-42A3-9474-1A3956D46DE8}") = "1. Infrastucture", "1. Infrastucture", "{2319AED6-4DD6-44CA-AE55-32FA853EF6D1}"
EndProject
Project("{2150E333-8FDC-42A3-9474-1A3956D46DE8}") = "2. Domain", "2. Domain", "{48E85600-16E2-48E9-AE68-E0753491751C}"
EndProject
Project("{2150E333-8FDC-42A3-9474-1A3956D46DE8}") = "3. Hosts", "3. Hosts", "{B0329AB4-5F2B-4637-AD0D-149F723DFEA9}"
EndProject
Project("{9A19103F-16F7-4668-BE54-9A1E7A4F7556}") = "eShopSolution.AdminApp", "eShopSolution.AdminApp\eShopSolution.AdminApp.csproj", "{F41FEE9D-8610-4FEB-8C05-9A0379D45473}"
EndProject
Project("{9A19103F-16F7-4668-BE54-9A1E7A4F7556}") = "eShopSolution.ApiIntegration", "eShopSolution.ApiIntegration\eShopSolution.ApiIntegration.csproj", "{C2384DDB-7D76-476B-A13D-439E08BFE4DF}"
EndProject
Project("{9A19103F-16F7-4668-BE54-9A1E7A4F7556}") = "EmailService", "EmailService\EmailService.csproj", "{ADA1DDF3-2DAC-4FA6-B101-EFD2E77306E3}"
EndProject
Global
	GlobalSection(SolutionConfigurationPlatforms) = preSolution
		Debug|Any CPU = Debug|Any CPU
		Release|Any CPU = Release|Any CPU
	EndGlobalSection
	GlobalSection(ProjectConfigurationPlatforms) = postSolution
		{B3DD9B83-FF04-47FB-A39D-9FD98EE4E685}.Debug|Any CPU.ActiveCfg = Debug|Any CPU
		{B3DD9B83-FF04-47FB-A39D-9FD98EE4E685}.Debug|Any CPU.Build.0 = Debug|Any CPU
		{B3DD9B83-FF04-47FB-A39D-9FD98EE4E685}.Release|Any CPU.ActiveCfg = Release|Any CPU
		{B3DD9B83-FF04-47FB-A39D-9FD98EE4E685}.Release|Any CPU.Build.0 = Release|Any CPU
		{AB6C574B-CA62-4404-8AB0-F13B5B23E2F5}.Debug|Any CPU.ActiveCfg = Debug|Any CPU
		{AB6C574B-CA62-4404-8AB0-F13B5B23E2F5}.Debug|Any CPU.Build.0 = Debug|Any CPU
		{AB6C574B-CA62-4404-8AB0-F13B5B23E2F5}.Release|Any CPU.ActiveCfg = Release|Any CPU
		{AB6C574B-CA62-4404-8AB0-F13B5B23E2F5}.Release|Any CPU.Build.0 = Release|Any CPU
		{4D2E268C-7562-4423-AC9F-EF64ED21D44B}.Debug|Any CPU.ActiveCfg = Debug|Any CPU
		{4D2E268C-7562-4423-AC9F-EF64ED21D44B}.Debug|Any CPU.Build.0 = Debug|Any CPU
		{4D2E268C-7562-4423-AC9F-EF64ED21D44B}.Release|Any CPU.ActiveCfg = Release|Any CPU
		{4D2E268C-7562-4423-AC9F-EF64ED21D44B}.Release|Any CPU.Build.0 = Release|Any CPU
		{9F58D9AA-2FFE-4B2B-8CED-68F4609E707B}.Debug|Any CPU.ActiveCfg = Debug|Any CPU
		{9F58D9AA-2FFE-4B2B-8CED-68F4609E707B}.Debug|Any CPU.Build.0 = Debug|Any CPU
		{9F58D9AA-2FFE-4B2B-8CED-68F4609E707B}.Release|Any CPU.ActiveCfg = Release|Any CPU
		{9F58D9AA-2FFE-4B2B-8CED-68F4609E707B}.Release|Any CPU.Build.0 = Release|Any CPU
		{720B55B3-4A34-45FE-9A23-28779119808F}.Debug|Any CPU.ActiveCfg = Debug|Any CPU
		{720B55B3-4A34-45FE-9A23-28779119808F}.Debug|Any CPU.Build.0 = Debug|Any CPU
		{720B55B3-4A34-45FE-9A23-28779119808F}.Release|Any CPU.ActiveCfg = Release|Any CPU
		{720B55B3-4A34-45FE-9A23-28779119808F}.Release|Any CPU.Build.0 = Release|Any CPU
		{A5E82F26-7852-44F8-A415-2DD9E87A38CE}.Debug|Any CPU.ActiveCfg = Debug|Any CPU
		{A5E82F26-7852-44F8-A415-2DD9E87A38CE}.Debug|Any CPU.Build.0 = Debug|Any CPU
		{A5E82F26-7852-44F8-A415-2DD9E87A38CE}.Release|Any CPU.ActiveCfg = Release|Any CPU
		{A5E82F26-7852-44F8-A415-2DD9E87A38CE}.Release|Any CPU.Build.0 = Release|Any CPU
		{F41FEE9D-8610-4FEB-8C05-9A0379D45473}.Debug|Any CPU.ActiveCfg = Debug|Any CPU
		{F41FEE9D-8610-4FEB-8C05-9A0379D45473}.Debug|Any CPU.Build.0 = Debug|Any CPU
		{F41FEE9D-8610-4FEB-8C05-9A0379D45473}.Release|Any CPU.ActiveCfg = Release|Any CPU
		{F41FEE9D-8610-4FEB-8C05-9A0379D45473}.Release|Any CPU.Build.0 = Release|Any CPU
		{C2384DDB-7D76-476B-A13D-439E08BFE4DF}.Debug|Any CPU.ActiveCfg = Debug|Any CPU
		{C2384DDB-7D76-476B-A13D-439E08BFE4DF}.Debug|Any CPU.Build.0 = Debug|Any CPU
		{C2384DDB-7D76-476B-A13D-439E08BFE4DF}.Release|Any CPU.ActiveCfg = Release|Any CPU
		{C2384DDB-7D76-476B-A13D-439E08BFE4DF}.Release|Any CPU.Build.0 = Release|Any CPU
		{ADA1DDF3-2DAC-4FA6-B101-EFD2E77306E3}.Debug|Any CPU.ActiveCfg = Debug|Any CPU
		{ADA1DDF3-2DAC-4FA6-B101-EFD2E77306E3}.Debug|Any CPU.Build.0 = Debug|Any CPU
		{ADA1DDF3-2DAC-4FA6-B101-EFD2E77306E3}.Release|Any CPU.ActiveCfg = Release|Any CPU
		{ADA1DDF3-2DAC-4FA6-B101-EFD2E77306E3}.Release|Any CPU.Build.0 = Release|Any CPU
	EndGlobalSection
	GlobalSection(SolutionProperties) = preSolution
		HideSolutionNode = FALSE
	EndGlobalSection
	GlobalSection(NestedProjects) = preSolution
		{B3DD9B83-FF04-47FB-A39D-9FD98EE4E685} = {B0329AB4-5F2B-4637-AD0D-149F723DFEA9}
		{AB6C574B-CA62-4404-8AB0-F13B5B23E2F5} = {48E85600-16E2-48E9-AE68-E0753491751C}
		{4D2E268C-7562-4423-AC9F-EF64ED21D44B} = {48E85600-16E2-48E9-AE68-E0753491751C}
		{9F58D9AA-2FFE-4B2B-8CED-68F4609E707B} = {2319AED6-4DD6-44CA-AE55-32FA853EF6D1}
		{720B55B3-4A34-45FE-9A23-28779119808F} = {2319AED6-4DD6-44CA-AE55-32FA853EF6D1}
		{A5E82F26-7852-44F8-A415-2DD9E87A38CE} = {B0329AB4-5F2B-4637-AD0D-149F723DFEA9}
		{F41FEE9D-8610-4FEB-8C05-9A0379D45473} = {B0329AB4-5F2B-4637-AD0D-149F723DFEA9}
		{C2384DDB-7D76-476B-A13D-439E08BFE4DF} = {B0329AB4-5F2B-4637-AD0D-149F723DFEA9}
		{ADA1DDF3-2DAC-4FA6-B101-EFD2E77306E3} = {B0329AB4-5F2B-4637-AD0D-149F723DFEA9}
	EndGlobalSection
	GlobalSection(ExtensibilityGlobals) = postSolution
		SolutionGuid = {BFB10B57-1897-4834-83A6-EF4C26DC5F7D}
	EndGlobalSection
EndGlobal
