
Microsoft Visual Studio Solution File, Format Version 12.00
# Visual Studio Version 16
VisualStudioVersion = 16.0.30711.63
MinimumVisualStudioVersion = 10.0.40219.1
Project("{FAE04EC0-301F-11D3-BF4B-00C04F79EFBC}") = "eShopSolution.WebApp", "eShopSolution.WebApp\eShopSolution.WebApp.csproj", "{B3DD9B83-FF04-47FB-A39D-9FD98EE4E685}"
EndProject
Global
	GlobalSection(SolutionConfigurationPlatforms) = preSolution
		Debug|Any CPU = Debug|Any CPU
		Release|Any CPU = Release|Any CPU
	EndGlobalSection
	GlobalSection(ProjectConfigurationPlatforms) = postSolution
		{B3DD9B83-FF04-47FB-A39D-9FD98EE4E685}.Debug|Any CPU.ActiveCfg = Debug|Any CPU
		{B3DD9B83-FF04-47FB-A39D-9FD98EE4E685}.Debug|Any CPU.Build.0 = Debug|Any CPU
		{B3DD9B83-FF04-47FB-A39D-9FD98EE4E685}.Release|Any CPU.ActiveCfg = Release|Any CPU
		{B3DD9B83-FF04-47FB-A39D-9FD98EE4E685}.Release|Any CPU.Build.0 = Release|Any CPU
	EndGlobalSection
	GlobalSection(SolutionProperties) = preSolution
		HideSolutionNode = FALSE
	EndGlobalSection
	GlobalSection(ExtensibilityGlobals) = postSolution
		SolutionGuid = {BFB10B57-1897-4834-83A6-EF4C26DC5F7D}
	EndGlobalSection
EndGlobal
